
Microsoft Visual Studio Solution File, Format Version 12.00
# Visual Studio Version 17
VisualStudioVersion = 17.4.33213.308
MinimumVisualStudioVersion = 10.0.40219.1
Project("{FAE04EC0-301F-11D3-BF4B-00C04F79EFBC}") = "Personal_Well_Being", "Personal_Well_Being.csproj", "{1EAAF272-762E-4125-BEC1-1068A691BFE3}"
EndProject
Global
	GlobalSection(SolutionConfigurationPlatforms) = preSolution
		Debug|Any CPU = Debug|Any CPU
		Release|Any CPU = Release|Any CPU
	EndGlobalSection
	GlobalSection(ProjectConfigurationPlatforms) = postSolution
		{1EAAF272-762E-4125-BEC1-1068A691BFE3}.Debug|Any CPU.ActiveCfg = Debug|Any CPU
		{1EAAF272-762E-4125-BEC1-1068A691BFE3}.Debug|Any CPU.Build.0 = Debug|Any CPU
		{1EAAF272-762E-4125-BEC1-1068A691BFE3}.Release|Any CPU.ActiveCfg = Release|Any CPU
		{1EAAF272-762E-4125-BEC1-1068A691BFE3}.Release|Any CPU.Build.0 = Release|Any CPU
	EndGlobalSection
	GlobalSection(SolutionProperties) = preSolution
		HideSolutionNode = FALSE
	EndGlobalSection
	GlobalSection(ExtensibilityGlobals) = postSolution
		SolutionGuid = {3E1B83D7-FEA1-4D2F-9AC0-29E1F6AEA55E}
	EndGlobalSection
EndGlobal
